
Microsoft Visual Studio Solution File, Format Version 12.00
# Visual Studio 2013
VisualStudioVersion = 12.0.30915.1
MinimumVisualStudioVersion = 10.0.40219.1
Project("{FAE04EC0-301F-11D3-BF4B-00C04F79EFBC}") = "Manutd", "Manutd\Manutd.csproj", "{4A84A0F5-07E9-4F8B-A740-009047867012}"
EndProject
Project("{2150E333-8FDC-42A3-9474-1A3956D46DE8}") = "ManutdNews", "ManutdNews", "{18940E70-D394-4117-B5F6-C25E18DA00CF}"
EndProject
Project("{D954291E-2A0B-460D-934E-DC6B0785DB48}") = "ManutdNews.Shared", "ManutdNews\ManutdNews.Shared\ManutdNews.Shared.shproj", "{213E7A70-8535-4BEB-A882-2C2DF60040DE}"
EndProject
Project("{FAE04EC0-301F-11D3-BF4B-00C04F79EFBC}") = "ManutdNews.Windows", "ManutdNews\ManutdNews.Windows\ManutdNews.Windows.csproj", "{D8D8B316-AD91-492F-AF26-6CAEEC0C5006}"
EndProject
Project("{FAE04EC0-301F-11D3-BF4B-00C04F79EFBC}") = "ManutdNews.WindowsPhone", "ManutdNews\ManutdNews.WindowsPhone\ManutdNews.WindowsPhone.csproj", "{5E2C8CFF-89F2-4D67-A10B-9493D3C60B77}"
EndProject
Project("{2150E333-8FDC-42A3-9474-1A3956D46DE8}") = "HubApp1", "HubApp1", "{CD35EE56-0114-4883-9341-32167B3A6EAB}"
EndProject
Project("{D954291E-2A0B-460D-934E-DC6B0785DB48}") = "HubApp1.Shared", "HubApp1\HubApp1.Shared\HubApp1.Shared.shproj", "{B89B6D59-4681-4A75-91FD-C9163F329826}"
EndProject
Project("{FAE04EC0-301F-11D3-BF4B-00C04F79EFBC}") = "HubApp1.Windows", "HubApp1\HubApp1.Windows\HubApp1.Windows.csproj", "{34D57149-119C-402B-9A3E-FA5EC477F8F0}"
EndProject
Project("{FAE04EC0-301F-11D3-BF4B-00C04F79EFBC}") = "HubApp1.WindowsPhone", "HubApp1\HubApp1.WindowsPhone\HubApp1.WindowsPhone.csproj", "{2263DB6E-4725-4E0E-AE5A-AE3CD1311EEC}"
EndProject
Global
	GlobalSection(SharedMSBuildProjectFiles) = preSolution
		ManutdNews\ManutdNews.Shared\ManutdNews.Shared.projitems*{213e7a70-8535-4beb-a882-2c2df60040de}*SharedItemsImports = 13
		HubApp1\HubApp1.Shared\HubApp1.Shared.projitems*{2263db6e-4725-4e0e-ae5a-ae3cd1311eec}*SharedItemsImports = 4
		HubApp1\HubApp1.Shared\HubApp1.Shared.projitems*{34d57149-119c-402b-9a3e-fa5ec477f8f0}*SharedItemsImports = 4
		ManutdNews\ManutdNews.Shared\ManutdNews.Shared.projitems*{d8d8b316-ad91-492f-af26-6caeec0c5006}*SharedItemsImports = 4
		HubApp1\HubApp1.Shared\HubApp1.Shared.projitems*{b89b6d59-4681-4a75-91fd-c9163f329826}*SharedItemsImports = 13
		ManutdNews\ManutdNews.Shared\ManutdNews.Shared.projitems*{5e2c8cff-89f2-4d67-a10b-9493d3c60b77}*SharedItemsImports = 4
	EndGlobalSection
	GlobalSection(SolutionConfigurationPlatforms) = preSolution
		Debug|Any CPU = Debug|Any CPU
		Debug|ARM = Debug|ARM
		Debug|x64 = Debug|x64
		Debug|x86 = Debug|x86
		Release|Any CPU = Release|Any CPU
		Release|ARM = Release|ARM
		Release|x64 = Release|x64
		Release|x86 = Release|x86
	EndGlobalSection
	GlobalSection(ProjectConfigurationPlatforms) = postSolution
		{4A84A0F5-07E9-4F8B-A740-009047867012}.Debug|Any CPU.ActiveCfg = Debug|Any CPU
		{4A84A0F5-07E9-4F8B-A740-009047867012}.Debug|Any CPU.Build.0 = Debug|Any CPU
		{4A84A0F5-07E9-4F8B-A740-009047867012}.Debug|Any CPU.Deploy.0 = Debug|Any CPU
		{4A84A0F5-07E9-4F8B-A740-009047867012}.Debug|ARM.ActiveCfg = Debug|ARM
		{4A84A0F5-07E9-4F8B-A740-009047867012}.Debug|ARM.Build.0 = Debug|ARM
		{4A84A0F5-07E9-4F8B-A740-009047867012}.Debug|ARM.Deploy.0 = Debug|ARM
		{4A84A0F5-07E9-4F8B-A740-009047867012}.Debug|x64.ActiveCfg = Debug|Any CPU
		{4A84A0F5-07E9-4F8B-A740-009047867012}.Debug|x86.ActiveCfg = Debug|x86
		{4A84A0F5-07E9-4F8B-A740-009047867012}.Debug|x86.Build.0 = Debug|x86
		{4A84A0F5-07E9-4F8B-A740-009047867012}.Debug|x86.Deploy.0 = Debug|x86
		{4A84A0F5-07E9-4F8B-A740-009047867012}.Release|Any CPU.ActiveCfg = Release|Any CPU
		{4A84A0F5-07E9-4F8B-A740-009047867012}.Release|Any CPU.Build.0 = Release|Any CPU
		{4A84A0F5-07E9-4F8B-A740-009047867012}.Release|Any CPU.Deploy.0 = Release|Any CPU
		{4A84A0F5-07E9-4F8B-A740-009047867012}.Release|ARM.ActiveCfg = Release|ARM
		{4A84A0F5-07E9-4F8B-A740-009047867012}.Release|ARM.Build.0 = Release|ARM
		{4A84A0F5-07E9-4F8B-A740-009047867012}.Release|ARM.Deploy.0 = Release|ARM
		{4A84A0F5-07E9-4F8B-A740-009047867012}.Release|x64.ActiveCfg = Release|Any CPU
		{4A84A0F5-07E9-4F8B-A740-009047867012}.Release|x86.ActiveCfg = Release|x86
		{4A84A0F5-07E9-4F8B-A740-009047867012}.Release|x86.Build.0 = Release|x86
		{4A84A0F5-07E9-4F8B-A740-009047867012}.Release|x86.Deploy.0 = Release|x86
		{D8D8B316-AD91-492F-AF26-6CAEEC0C5006}.Debug|Any CPU.ActiveCfg = Debug|Any CPU
		{D8D8B316-AD91-492F-AF26-6CAEEC0C5006}.Debug|Any CPU.Build.0 = Debug|Any CPU
		{D8D8B316-AD91-492F-AF26-6CAEEC0C5006}.Debug|Any CPU.Deploy.0 = Debug|Any CPU
		{D8D8B316-AD91-492F-AF26-6CAEEC0C5006}.Debug|ARM.ActiveCfg = Debug|ARM
		{D8D8B316-AD91-492F-AF26-6CAEEC0C5006}.Debug|ARM.Build.0 = Debug|ARM
		{D8D8B316-AD91-492F-AF26-6CAEEC0C5006}.Debug|ARM.Deploy.0 = Debug|ARM
		{D8D8B316-AD91-492F-AF26-6CAEEC0C5006}.Debug|x64.ActiveCfg = Debug|x64
		{D8D8B316-AD91-492F-AF26-6CAEEC0C5006}.Debug|x64.Build.0 = Debug|x64
		{D8D8B316-AD91-492F-AF26-6CAEEC0C5006}.Debug|x64.Deploy.0 = Debug|x64
		{D8D8B316-AD91-492F-AF26-6CAEEC0C5006}.Debug|x86.ActiveCfg = Debug|x86
		{D8D8B316-AD91-492F-AF26-6CAEEC0C5006}.Debug|x86.Build.0 = Debug|x86
		{D8D8B316-AD91-492F-AF26-6CAEEC0C5006}.Debug|x86.Deploy.0 = Debug|x86
		{D8D8B316-AD91-492F-AF26-6CAEEC0C5006}.Release|Any CPU.ActiveCfg = Release|Any CPU
		{D8D8B316-AD91-492F-AF26-6CAEEC0C5006}.Release|Any CPU.Build.0 = Release|Any CPU
		{D8D8B316-AD91-492F-AF26-6CAEEC0C5006}.Release|Any CPU.Deploy.0 = Release|Any CPU
		{D8D8B316-AD91-492F-AF26-6CAEEC0C5006}.Release|ARM.ActiveCfg = Release|ARM
		{D8D8B316-AD91-492F-AF26-6CAEEC0C5006}.Release|ARM.Build.0 = Release|ARM
		{D8D8B316-AD91-492F-AF26-6CAEEC0C5006}.Release|ARM.Deploy.0 = Release|ARM
		{D8D8B316-AD91-492F-AF26-6CAEEC0C5006}.Release|x64.ActiveCfg = Release|x64
		{D8D8B316-AD91-492F-AF26-6CAEEC0C5006}.Release|x64.Build.0 = Release|x64
		{D8D8B316-AD91-492F-AF26-6CAEEC0C5006}.Release|x64.Deploy.0 = Release|x64
		{D8D8B316-AD91-492F-AF26-6CAEEC0C5006}.Release|x86.ActiveCfg = Release|x86
		{D8D8B316-AD91-492F-AF26-6CAEEC0C5006}.Release|x86.Build.0 = Release|x86
		{D8D8B316-AD91-492F-AF26-6CAEEC0C5006}.Release|x86.Deploy.0 = Release|x86
		{5E2C8CFF-89F2-4D67-A10B-9493D3C60B77}.Debug|Any CPU.ActiveCfg = Debug|Any CPU
		{5E2C8CFF-89F2-4D67-A10B-9493D3C60B77}.Debug|Any CPU.Build.0 = Debug|Any CPU
		{5E2C8CFF-89F2-4D67-A10B-9493D3C60B77}.Debug|Any CPU.Deploy.0 = Debug|Any CPU
		{5E2C8CFF-89F2-4D67-A10B-9493D3C60B77}.Debug|ARM.ActiveCfg = Debug|ARM
		{5E2C8CFF-89F2-4D67-A10B-9493D3C60B77}.Debug|ARM.Build.0 = Debug|ARM
		{5E2C8CFF-89F2-4D67-A10B-9493D3C60B77}.Debug|ARM.Deploy.0 = Debug|ARM
		{5E2C8CFF-89F2-4D67-A10B-9493D3C60B77}.Debug|x64.ActiveCfg = Debug|Any CPU
		{5E2C8CFF-89F2-4D67-A10B-9493D3C60B77}.Debug|x86.ActiveCfg = Debug|x86
		{5E2C8CFF-89F2-4D67-A10B-9493D3C60B77}.Debug|x86.Build.0 = Debug|x86
		{5E2C8CFF-89F2-4D67-A10B-9493D3C60B77}.Debug|x86.Deploy.0 = Debug|x86
		{5E2C8CFF-89F2-4D67-A10B-9493D3C60B77}.Release|Any CPU.ActiveCfg = Release|Any CPU
		{5E2C8CFF-89F2-4D67-A10B-9493D3C60B77}.Release|Any CPU.Build.0 = Release|Any CPU
		{5E2C8CFF-89F2-4D67-A10B-9493D3C60B77}.Release|Any CPU.Deploy.0 = Release|Any CPU
		{5E2C8CFF-89F2-4D67-A10B-9493D3C60B77}.Release|ARM.ActiveCfg = Release|ARM
		{5E2C8CFF-89F2-4D67-A10B-9493D3C60B77}.Release|ARM.Build.0 = Release|ARM
		{5E2C8CFF-89F2-4D67-A10B-9493D3C60B77}.Release|ARM.Deploy.0 = Release|ARM
		{5E2C8CFF-89F2-4D67-A10B-9493D3C60B77}.Release|x64.ActiveCfg = Release|Any CPU
		{5E2C8CFF-89F2-4D67-A10B-9493D3C60B77}.Release|x86.ActiveCfg = Release|x86
		{5E2C8CFF-89F2-4D67-A10B-9493D3C60B77}.Release|x86.Build.0 = Release|x86
		{5E2C8CFF-89F2-4D67-A10B-9493D3C60B77}.Release|x86.Deploy.0 = Release|x86
		{34D57149-119C-402B-9A3E-FA5EC477F8F0}.Debug|Any CPU.ActiveCfg = Debug|Any CPU
		{34D57149-119C-402B-9A3E-FA5EC477F8F0}.Debug|Any CPU.Build.0 = Debug|Any CPU
		{34D57149-119C-402B-9A3E-FA5EC477F8F0}.Debug|Any CPU.Deploy.0 = Debug|Any CPU
		{34D57149-119C-402B-9A3E-FA5EC477F8F0}.Debug|ARM.ActiveCfg = Debug|ARM
		{34D57149-119C-402B-9A3E-FA5EC477F8F0}.Debug|ARM.Build.0 = Debug|ARM
		{34D57149-119C-402B-9A3E-FA5EC477F8F0}.Debug|ARM.Deploy.0 = Debug|ARM
		{34D57149-119C-402B-9A3E-FA5EC477F8F0}.Debug|x64.ActiveCfg = Debug|x64
		{34D57149-119C-402B-9A3E-FA5EC477F8F0}.Debug|x64.Build.0 = Debug|x64
		{34D57149-119C-402B-9A3E-FA5EC477F8F0}.Debug|x64.Deploy.0 = Debug|x64
		{34D57149-119C-402B-9A3E-FA5EC477F8F0}.Debug|x86.ActiveCfg = Debug|x86
		{34D57149-119C-402B-9A3E-FA5EC477F8F0}.Debug|x86.Build.0 = Debug|x86
		{34D57149-119C-402B-9A3E-FA5EC477F8F0}.Debug|x86.Deploy.0 = Debug|x86
		{34D57149-119C-402B-9A3E-FA5EC477F8F0}.Release|Any CPU.ActiveCfg = Release|Any CPU
		{34D57149-119C-402B-9A3E-FA5EC477F8F0}.Release|Any CPU.Build.0 = Release|Any CPU
		{34D57149-119C-402B-9A3E-FA5EC477F8F0}.Release|Any CPU.Deploy.0 = Release|Any CPU
		{34D57149-119C-402B-9A3E-FA5EC477F8F0}.Release|ARM.ActiveCfg = Release|ARM
		{34D57149-119C-402B-9A3E-FA5EC477F8F0}.Release|ARM.Build.0 = Release|ARM
		{34D57149-119C-402B-9A3E-FA5EC477F8F0}.Release|ARM.Deploy.0 = Release|ARM
		{34D57149-119C-402B-9A3E-FA5EC477F8F0}.Release|x64.ActiveCfg = Release|x64
		{34D57149-119C-402B-9A3E-FA5EC477F8F0}.Release|x64.Build.0 = Release|x64
		{34D57149-119C-402B-9A3E-FA5EC477F8F0}.Release|x64.Deploy.0 = Release|x64
		{34D57149-119C-402B-9A3E-FA5EC477F8F0}.Release|x86.ActiveCfg = Release|x86
		{34D57149-119C-402B-9A3E-FA5EC477F8F0}.Release|x86.Build.0 = Release|x86
		{34D57149-119C-402B-9A3E-FA5EC477F8F0}.Release|x86.Deploy.0 = Release|x86
		{2263DB6E-4725-4E0E-AE5A-AE3CD1311EEC}.Debug|Any CPU.ActiveCfg = Debug|Any CPU
		{2263DB6E-4725-4E0E-AE5A-AE3CD1311EEC}.Debug|Any CPU.Build.0 = Debug|Any CPU
		{2263DB6E-4725-4E0E-AE5A-AE3CD1311EEC}.Debug|Any CPU.Deploy.0 = Debug|Any CPU
		{2263DB6E-4725-4E0E-AE5A-AE3CD1311EEC}.Debug|ARM.ActiveCfg = Debug|ARM
		{2263DB6E-4725-4E0E-AE5A-AE3CD1311EEC}.Debug|ARM.Build.0 = Debug|ARM
		{2263DB6E-4725-4E0E-AE5A-AE3CD1311EEC}.Debug|ARM.Deploy.0 = Debug|ARM
		{2263DB6E-4725-4E0E-AE5A-AE3CD1311EEC}.Debug|x64.ActiveCfg = Debug|Any CPU
		{2263DB6E-4725-4E0E-AE5A-AE3CD1311EEC}.Debug|x86.ActiveCfg = Debug|x86
		{2263DB6E-4725-4E0E-AE5A-AE3CD1311EEC}.Debug|x86.Build.0 = Debug|x86
		{2263DB6E-4725-4E0E-AE5A-AE3CD1311EEC}.Debug|x86.Deploy.0 = Debug|x86
		{2263DB6E-4725-4E0E-AE5A-AE3CD1311EEC}.Release|Any CPU.ActiveCfg = Release|Any CPU
		{2263DB6E-4725-4E0E-AE5A-AE3CD1311EEC}.Release|Any CPU.Build.0 = Release|Any CPU
		{2263DB6E-4725-4E0E-AE5A-AE3CD1311EEC}.Release|Any CPU.Deploy.0 = Release|Any CPU
		{2263DB6E-4725-4E0E-AE5A-AE3CD1311EEC}.Release|ARM.ActiveCfg = Release|ARM
		{2263DB6E-4725-4E0E-AE5A-AE3CD1311EEC}.Release|ARM.Build.0 = Release|ARM
		{2263DB6E-4725-4E0E-AE5A-AE3CD1311EEC}.Release|ARM.Deploy.0 = Release|ARM
		{2263DB6E-4725-4E0E-AE5A-AE3CD1311EEC}.Release|x64.ActiveCfg = Release|Any CPU
		{2263DB6E-4725-4E0E-AE5A-AE3CD1311EEC}.Release|x86.ActiveCfg = Release|x86
		{2263DB6E-4725-4E0E-AE5A-AE3CD1311EEC}.Release|x86.Build.0 = Release|x86
		{2263DB6E-4725-4E0E-AE5A-AE3CD1311EEC}.Release|x86.Deploy.0 = Release|x86
	EndGlobalSection
	GlobalSection(SolutionProperties) = preSolution
		HideSolutionNode = FALSE
	EndGlobalSection
	GlobalSection(NestedProjects) = preSolution
		{213E7A70-8535-4BEB-A882-2C2DF60040DE} = {18940E70-D394-4117-B5F6-C25E18DA00CF}
		{D8D8B316-AD91-492F-AF26-6CAEEC0C5006} = {18940E70-D394-4117-B5F6-C25E18DA00CF}
		{5E2C8CFF-89F2-4D67-A10B-9493D3C60B77} = {18940E70-D394-4117-B5F6-C25E18DA00CF}
		{B89B6D59-4681-4A75-91FD-C9163F329826} = {CD35EE56-0114-4883-9341-32167B3A6EAB}
		{34D57149-119C-402B-9A3E-FA5EC477F8F0} = {CD35EE56-0114-4883-9341-32167B3A6EAB}
		{2263DB6E-4725-4E0E-AE5A-AE3CD1311EEC} = {CD35EE56-0114-4883-9341-32167B3A6EAB}
	EndGlobalSection
EndGlobal
